{
  "name": "uni-httpclient",
  "version": "0.1.0",
  "lockfileVersion": 1,
  "requires": true,
  "dependencies": {
    "@dcloudio/types": {
      "version": "0.4.7",
      "resolved": "https://registry.npm.taobao.org/@dcloudio/types/download/@dcloudio/types-0.4.7.tgz",
      "integrity": "sha1-UB0hMCH0Cpk7HY0jRIxb8e1025Q=",
      "dev": true
    },
    "typescript": {
      "version": "3.9.2",
      "resolved": "https://registry.npm.taobao.org/typescript/download/typescript-3.9.2.tgz?cache=0&sync_timestamp=1598598978969&other_urls=https%3A%2F%2Fregistry.npm.taobao.org%2Ftypescript%2Fdownload%2Ftypescript-3.9.2.tgz",
      "integrity": "sha1-ZOnI6b5upYPFRgdnfdRoChzzXbk=",
      "dev": true
    },
    "vue": {
      "version": "2.6.12",
      "resolved": "https://registry.npm.taobao.org/vue/download/vue-2.6.12.tgz?cache=0&sync_timestamp=1598480662804&other_urls=https%3A%2F%2Fregistry.npm.taobao.org%2Fvue%2Fdownload%2Fvue-2.6.12.tgz",
      "integrity": "sha1-9evU+mvShpQD4pqJau1JBEVskSM=",
      "dev": true
    }
  }
}
