# THIS IS AN AUTOGENERATED FILE. DO NOT EDIT THIS FILE DIRECTLY.
# yarn lockfile v1


"@dcloudio/types@*":
  version "2.0.8"
  resolved "https://registry.npm.taobao.org/@dcloudio/types/download/@dcloudio/types-2.0.8.tgz#5caa5ae4b808e4ff8a422e3c692807e417a888e1"
  integrity sha1-XKpa5LgI5P+KQi48aSgH5BeoiOE=

typescript@*:
  version "4.0.3"
  resolved "https://registry.npm.taobao.org/typescript/download/typescript-4.0.3.tgz?cache=0&sync_timestamp=1602571708478&other_urls=https%3A%2F%2Fregistry.npm.taobao.org%2Ftypescript%2Fdownload%2Ftypescript-4.0.3.tgz#153bbd468ef07725c1df9c77e8b453f8d36abba5"
  integrity sha1-FTu9Ro7wdyXB35x36LRT+NNqu6U=

vue@2.6.12:
  version "2.6.12"
  resolved "https://registry.npm.taobao.org/vue/download/vue-2.6.12.tgz?cache=0&sync_timestamp=1600441238751&other_urls=https%3A%2F%2Fregistry.npm.taobao.org%2Fvue%2Fdownload%2Fvue-2.6.12.tgz#f5ebd4fa6bd2869403e29a896aed4904456c9123"
  integrity sha1-9evU+mvShpQD4pqJau1JBEVskSM=
