# THIS IS AN AUTOGENERATED FILE. DO NOT EDIT THIS FILE DIRECTLY.
# yarn lockfile v1


"@dcloudio/types@2.1.2":
  version "2.1.2"
  resolved "https://registry.npm.taobao.org/@dcloudio/types/download/@dcloudio/types-2.1.2.tgz#a5a1df5db4af7832bfae0ab76e564c034992bd07"
  integrity sha1-paHfXbSveDK/rgq3blZMA0mSvQc=

typescript@4.2.4:
  version "4.2.4"
  resolved "https://registry.npm.taobao.org/typescript/download/typescript-4.2.4.tgz#8610b59747de028fda898a8aef0e103f156d0961"
  integrity sha1-hhC1l0feAo/aiYqK7w4QPxVtCWE=

vue@2.6.12:
  version "2.6.12"
  resolved "https://registry.npm.taobao.org/vue/download/vue-2.6.12.tgz#f5ebd4fa6bd2869403e29a896aed4904456c9123"
  integrity sha1-9evU+mvShpQD4pqJau1JBEVskSM=
